// !$*UTF8*$!
{
	archiveVersion = 1;
	classes = {
	};
	objectVersion = 56;
	objects = {

/* Begin PBXBuildFile section */
		442A39B52A0C14580091590F /* ModelViewProtocol.swift in Sources */ = {isa = PBXBuildFile; fileRef = 442A39B42A0C14580091590F /* ModelViewProtocol.swift */; };
		442A39B72A0C15E10091590F /* ModelViewControlerProtocolDelegate.swift in Sources */ = {isa = PBXBuildFile; fileRef = 442A39B62A0C15E10091590F /* ModelViewControlerProtocolDelegate.swift */; };
		442A39B92A0C15FB0091590F /* ModelViewControlerAssembly.swift in Sources */ = {isa = PBXBuildFile; fileRef = 442A39B82A0C15FB0091590F /* ModelViewControlerAssembly.swift */; };
		4450A6AF2A0C079D00757470 /* AppColorEnum.swift in Sources */ = {isa = PBXBuildFile; fileRef = 4450A6AE2A0C079D00757470 /* AppColorEnum.swift */; };
		4450A6B42A0C07E600757470 /* UIColor.swift in Sources */ = {isa = PBXBuildFile; fileRef = 4450A6B32A0C07E600757470 /* UIColor.swift */; };
		4450A6B62A0C07FB00757470 /* ModelCell.swift in Sources */ = {isa = PBXBuildFile; fileRef = 4450A6B52A0C07FB00757470 /* ModelCell.swift */; };
		4450A6B92A0C082700757470 /* ParameteresView.swift in Sources */ = {isa = PBXBuildFile; fileRef = 4450A6B82A0C082700757470 /* ParameteresView.swift */; };
		4450A6BB2A0C082D00757470 /* ParametersViewController.swift in Sources */ = {isa = PBXBuildFile; fileRef = 4450A6BA2A0C082D00757470 /* ParametersViewController.swift */; };
		4450A6BD2A0C083300757470 /* ParametersViewControllerAssembly.swift in Sources */ = {isa = PBXBuildFile; fileRef = 4450A6BC2A0C083300757470 /* ParametersViewControllerAssembly.swift */; };
		4450A6C02A0C084300757470 /* ParameteresViewProtocol.swift in Sources */ = {isa = PBXBuildFile; fileRef = 4450A6BF2A0C084300757470 /* ParameteresViewProtocol.swift */; };
		4450A6C22A0C084800757470 /* ParametersViewControllerProtocolDelegate.swift in Sources */ = {isa = PBXBuildFile; fileRef = 4450A6C12A0C084800757470 /* ParametersViewControllerProtocolDelegate.swift */; };
		4450A6C42A0C086A00757470 /* SickTracker.swift in Sources */ = {isa = PBXBuildFile; fileRef = 4450A6C32A0C086A00757470 /* SickTracker.swift */; };
		4450A6C82A0C0D5000757470 /* ModelView.swift in Sources */ = {isa = PBXBuildFile; fileRef = 4450A6C72A0C0D5000757470 /* ModelView.swift */; };
		44F676DA2A06745D00C4CFD4 /* AppDelegate.swift in Sources */ = {isa = PBXBuildFile; fileRef = 44F676D92A06745D00C4CFD4 /* AppDelegate.swift */; };
		44F676DC2A06745D00C4CFD4 /* SceneDelegate.swift in Sources */ = {isa = PBXBuildFile; fileRef = 44F676DB2A06745D00C4CFD4 /* SceneDelegate.swift */; };
		44F676E32A06745F00C4CFD4 /* Assets.xcassets in Resources */ = {isa = PBXBuildFile; fileRef = 44F676E22A06745F00C4CFD4 /* Assets.xcassets */; };
		44F676EE2A06772D00C4CFD4 /* ModelViewControler.swift in Sources */ = {isa = PBXBuildFile; fileRef = 44F676ED2A06772D00C4CFD4 /* ModelViewControler.swift */; };
/* End PBXBuildFile section */

/* Begin PBXFileReference section */
		442A39B42A0C14580091590F /* ModelViewProtocol.swift */ = {isa = PBXFileReference; lastKnownFileType = sourcecode.swift; path = ModelViewProtocol.swift; sourceTree = "<group>"; };
		442A39B62A0C15E10091590F /* ModelViewControlerProtocolDelegate.swift */ = {isa = PBXFileReference; lastKnownFileType = sourcecode.swift; path = ModelViewControlerProtocolDelegate.swift; sourceTree = "<group>"; };
		442A39B82A0C15FB0091590F /* ModelViewControlerAssembly.swift */ = {isa = PBXFileReference; lastKnownFileType = sourcecode.swift; path = ModelViewControlerAssembly.swift; sourceTree = "<group>"; };
		4450A6AE2A0C079D00757470 /* AppColorEnum.swift */ = {isa = PBXFileReference; lastKnownFileType = sourcecode.swift; path = AppColorEnum.swift; sourceTree = "<group>"; };
		4450A6B32A0C07E600757470 /* UIColor.swift */ = {isa = PBXFileReference; lastKnownFileType = sourcecode.swift; path = UIColor.swift; sourceTree = "<group>"; };
		4450A6B52A0C07FB00757470 /* ModelCell.swift */ = {isa = PBXFileReference; fileEncoding = 4; lastKnownFileType = sourcecode.swift; path = ModelCell.swift; sourceTree = "<group>"; };
		4450A6B82A0C082700757470 /* ParameteresView.swift */ = {isa = PBXFileReference; fileEncoding = 4; lastKnownFileType = sourcecode.swift; name = ParameteresView.swift; path = VKInternship/ParametersFlow/ParameteresView.swift; sourceTree = SOURCE_ROOT; };
		4450A6BA2A0C082D00757470 /* ParametersViewController.swift */ = {isa = PBXFileReference; fileEncoding = 4; lastKnownFileType = sourcecode.swift; name = ParametersViewController.swift; path = VKInternship/ParametersFlow/ParametersViewController.swift; sourceTree = SOURCE_ROOT; };
		4450A6BC2A0C083300757470 /* ParametersViewControllerAssembly.swift */ = {isa = PBXFileReference; fileEncoding = 4; lastKnownFileType = sourcecode.swift; name = ParametersViewControllerAssembly.swift; path = VKInternship/ParametersFlow/ParametersViewControllerAssembly.swift; sourceTree = SOURCE_ROOT; };
		4450A6BF2A0C084300757470 /* ParameteresViewProtocol.swift */ = {isa = PBXFileReference; fileEncoding = 4; lastKnownFileType = sourcecode.swift; name = ParameteresViewProtocol.swift; path = VKInternship/ParametersFlow/Contracts/ParameteresViewProtocol.swift; sourceTree = SOURCE_ROOT; };
		4450A6C12A0C084800757470 /* ParametersViewControllerProtocolDelegate.swift */ = {isa = PBXFileReference; fileEncoding = 4; lastKnownFileType = sourcecode.swift; name = ParametersViewControllerProtocolDelegate.swift; path = VKInternship/ParametersFlow/Contracts/ParametersViewControllerProtocolDelegate.swift; sourceTree = SOURCE_ROOT; };
		4450A6C32A0C086A00757470 /* SickTracker.swift */ = {isa = PBXFileReference; fileEncoding = 4; lastKnownFileType = sourcecode.swift; path = SickTracker.swift; sourceTree = "<group>"; };
		4450A6C72A0C0D5000757470 /* ModelView.swift */ = {isa = PBXFileReference; lastKnownFileType = sourcecode.swift; path = ModelView.swift; sourceTree = "<group>"; };
		44F676D62A06745D00C4CFD4 /* VKInternship.app */ = {isa = PBXFileReference; explicitFileType = wrapper.application; includeInIndex = 0; path = VKInternship.app; sourceTree = BUILT_PRODUCTS_DIR; };
		44F676D92A06745D00C4CFD4 /* AppDelegate.swift */ = {isa = PBXFileReference; lastKnownFileType = sourcecode.swift; path = AppDelegate.swift; sourceTree = "<group>"; };
		44F676DB2A06745D00C4CFD4 /* SceneDelegate.swift */ = {isa = PBXFileReference; lastKnownFileType = sourcecode.swift; path = SceneDelegate.swift; sourceTree = "<group>"; };
		44F676E22A06745F00C4CFD4 /* Assets.xcassets */ = {isa = PBXFileReference; lastKnownFileType = folder.assetcatalog; path = Assets.xcassets; sourceTree = "<group>"; };
		44F676E72A06745F00C4CFD4 /* Info.plist */ = {isa = PBXFileReference; lastKnownFileType = text.plist.xml; path = Info.plist; sourceTree = "<group>"; };
		44F676ED2A06772D00C4CFD4 /* ModelViewControler.swift */ = {isa = PBXFileReference; lastKnownFileType = sourcecode.swift; path = ModelViewControler.swift; sourceTree = "<group>"; };
/* End PBXFileReference section */

/* Begin PBXFrameworksBuildPhase section */
		44F676D32A06745D00C4CFD4 /* Frameworks */ = {
			isa = PBXFrameworksBuildPhase;
			buildActionMask = 2147483647;
			files = (
			);
			runOnlyForDeploymentPostprocessing = 0;
		};
/* End PBXFrameworksBuildPhase section */

/* Begin PBXGroup section */
		442A39B32A0C144B0091590F /* Contracts */ = {
			isa = PBXGroup;
			children = (
				442A39B42A0C14580091590F /* ModelViewProtocol.swift */,
				442A39B62A0C15E10091590F /* ModelViewControlerProtocolDelegate.swift */,
			);
			path = Contracts;
			sourceTree = "<group>";
		};
		4450A6AB2A0C076A00757470 /* Entities */ = {
			isa = PBXGroup;
			children = (
				4450A6AE2A0C079D00757470 /* AppColorEnum.swift */,
			);
			path = Entities;
			sourceTree = "<group>";
		};
		4450A6B22A0C07D700757470 /* Extensions */ = {
			isa = PBXGroup;
			children = (
				4450A6B32A0C07E600757470 /* UIColor.swift */,
			);
			name = Extensions;
			path = VKInternship/Extensions;
			sourceTree = SOURCE_ROOT;
		};
		4450A6B72A0C081600757470 /* ParameteresFlow */ = {
			isa = PBXGroup;
			children = (
				4450A6BE2A0C083B00757470 /* Contracts */,
				4450A6BA2A0C082D00757470 /* ParametersViewController.swift */,
				4450A6BC2A0C083300757470 /* ParametersViewControllerAssembly.swift */,
				4450A6B82A0C082700757470 /* ParameteresView.swift */,
			);
			path = ParameteresFlow;
			sourceTree = "<group>";
		};
		4450A6BE2A0C083B00757470 /* Contracts */ = {
			isa = PBXGroup;
			children = (
				4450A6C12A0C084800757470 /* ParametersViewControllerProtocolDelegate.swift */,
				4450A6BF2A0C084300757470 /* ParameteresViewProtocol.swift */,
			);
			path = Contracts;
			sourceTree = "<group>";
		};
		4450A6C52A0C0D2F00757470 /* ModelFlow */ = {
			isa = PBXGroup;
			children = (
				442A39B32A0C144B0091590F /* Contracts */,
				4450A6C62A0C0D3C00757470 /* View */,
				44F676ED2A06772D00C4CFD4 /* ModelViewControler.swift */,
				4450A6C72A0C0D5000757470 /* ModelView.swift */,
				442A39B82A0C15FB0091590F /* ModelViewControlerAssembly.swift */,
			);
			path = ModelFlow;
			sourceTree = "<group>";
		};
		4450A6C62A0C0D3C00757470 /* View */ = {
			isa = PBXGroup;
			children = (
				4450A6B52A0C07FB00757470 /* ModelCell.swift */,
			);
			path = View;
			sourceTree = "<group>";
		};
		44F676CD2A06745D00C4CFD4 = {
			isa = PBXGroup;
			children = (
				44F676D82A06745D00C4CFD4 /* VKInternship */,
				44F676D72A06745D00C4CFD4 /* Products */,
			);
			sourceTree = "<group>";
		};
		44F676D72A06745D00C4CFD4 /* Products */ = {
			isa = PBXGroup;
			children = (
				44F676D62A06745D00C4CFD4 /* VKInternship.app */,
			);
			name = Products;
			sourceTree = "<group>";
		};
		44F676D82A06745D00C4CFD4 /* VKInternship */ = {
			isa = PBXGroup;
			children = (
				4450A6C52A0C0D2F00757470 /* ModelFlow */,
				4450A6B72A0C081600757470 /* ParameteresFlow */,
				4450A6AB2A0C076A00757470 /* Entities */,
				4450A6B22A0C07D700757470 /* Extensions */,
				44F676D92A06745D00C4CFD4 /* AppDelegate.swift */,
				44F676DB2A06745D00C4CFD4 /* SceneDelegate.swift */,
				44F676E22A06745F00C4CFD4 /* Assets.xcassets */,
				44F676E72A06745F00C4CFD4 /* Info.plist */,
				4450A6C32A0C086A00757470 /* SickTracker.swift */,
			);
			path = VKInternship;
			sourceTree = "<group>";
		};
/* End PBXGroup section */

/* Begin PBXNativeTarget section */
		44F676D52A06745D00C4CFD4 /* VKInternship */ = {
			isa = PBXNativeTarget;
			buildConfigurationList = 44F676EA2A06745F00C4CFD4 /* Build configuration list for PBXNativeTarget "VKInternship" */;
			buildPhases = (
				44F676D22A06745D00C4CFD4 /* Sources */,
				44F676D32A06745D00C4CFD4 /* Frameworks */,
				44F676D42A06745D00C4CFD4 /* Resources */,
			);
			buildRules = (
			);
			dependencies = (
			);
			name = VKInternship;
			productName = VKInternship;
			productReference = 44F676D62A06745D00C4CFD4 /* VKInternship.app */;
			productType = "com.apple.product-type.application";
		};
/* End PBXNativeTarget section */

/* Begin PBXProject section */
		44F676CE2A06745D00C4CFD4 /* Project object */ = {
			isa = PBXProject;
			attributes = {
				BuildIndependentTargetsInParallel = 1;
				LastSwiftUpdateCheck = 1430;
				LastUpgradeCheck = 1430;
				TargetAttributes = {
					44F676D52A06745D00C4CFD4 = {
						CreatedOnToolsVersion = 14.3;
					};
				};
			};
			buildConfigurationList = 44F676D12A06745D00C4CFD4 /* Build configuration list for PBXProject "VKInternship" */;
			compatibilityVersion = "Xcode 14.0";
			developmentRegion = en;
			hasScannedForEncodings = 0;
			knownRegions = (
				en,
				Base,
			);
			mainGroup = 44F676CD2A06745D00C4CFD4;
			productRefGroup = 44F676D72A06745D00C4CFD4 /* Products */;
			projectDirPath = "";
			projectRoot = "";
			targets = (
				44F676D52A06745D00C4CFD4 /* VKInternship */,
			);
		};
/* End PBXProject section */

/* Begin PBXResourcesBuildPhase section */
		44F676D42A06745D00C4CFD4 /* Resources */ = {
			isa = PBXResourcesBuildPhase;
			buildActionMask = 2147483647;
			files = (
				44F676E32A06745F00C4CFD4 /* Assets.xcassets in Resources */,
			);
			runOnlyForDeploymentPostprocessing = 0;
		};
/* End PBXResourcesBuildPhase section */

/* Begin PBXSourcesBuildPhase section */
		44F676D22A06745D00C4CFD4 /* Sources */ = {
			isa = PBXSourcesBuildPhase;
			buildActionMask = 2147483647;
			files = (
				4450A6AF2A0C079D00757470 /* AppColorEnum.swift in Sources */,
				4450A6B42A0C07E600757470 /* UIColor.swift in Sources */,
				4450A6C42A0C086A00757470 /* SickTracker.swift in Sources */,
				44F676DA2A06745D00C4CFD4 /* AppDelegate.swift in Sources */,
				4450A6BB2A0C082D00757470 /* ParametersViewController.swift in Sources */,
				4450A6C82A0C0D5000757470 /* ModelView.swift in Sources */,
				4450A6B92A0C082700757470 /* ParameteresView.swift in Sources */,
				4450A6C02A0C084300757470 /* ParameteresViewProtocol.swift in Sources */,
				44F676EE2A06772D00C4CFD4 /* ModelViewControler.swift in Sources */,
				4450A6B62A0C07FB00757470 /* ModelCell.swift in Sources */,
				4450A6C22A0C084800757470 /* ParametersViewControllerProtocolDelegate.swift in Sources */,
				442A39B72A0C15E10091590F /* ModelViewControlerProtocolDelegate.swift in Sources */,
				4450A6BD2A0C083300757470 /* ParametersViewControllerAssembly.swift in Sources */,
				442A39B52A0C14580091590F /* ModelViewProtocol.swift in Sources */,
				442A39B92A0C15FB0091590F /* ModelViewControlerAssembly.swift in Sources */,
				44F676DC2A06745D00C4CFD4 /* SceneDelegate.swift in Sources */,
			);
			runOnlyForDeploymentPostprocessing = 0;
		};
/* End PBXSourcesBuildPhase section */

/* Begin XCBuildConfiguration section */
		44F676E82A06745F00C4CFD4 /* Debug */ = {
			isa = XCBuildConfiguration;
			buildSettings = {
				ALWAYS_SEARCH_USER_PATHS = NO;
				CLANG_ANALYZER_NONNULL = YES;
				CLANG_ANALYZER_NUMBER_OBJECT_CONVERSION = YES_AGGRESSIVE;
				CLANG_CXX_LANGUAGE_STANDARD = "gnu++20";
				CLANG_ENABLE_MODULES = YES;
				CLANG_ENABLE_OBJC_ARC = YES;
				CLANG_ENABLE_OBJC_WEAK = YES;
				CLANG_WARN_BLOCK_CAPTURE_AUTORELEASING = YES;
				CLANG_WARN_BOOL_CONVERSION = YES;
				CLANG_WARN_COMMA = YES;
				CLANG_WARN_CONSTANT_CONVERSION = YES;
				CLANG_WARN_DEPRECATED_OBJC_IMPLEMENTATIONS = YES;
				CLANG_WARN_DIRECT_OBJC_ISA_USAGE = YES_ERROR;
				CLANG_WARN_DOCUMENTATION_COMMENTS = YES;
				CLANG_WARN_EMPTY_BODY = YES;
				CLANG_WARN_ENUM_CONVERSION = YES;
				CLANG_WARN_INFINITE_RECURSION = YES;
				CLANG_WARN_INT_CONVERSION = YES;
				CLANG_WARN_NON_LITERAL_NULL_CONVERSION = YES;
				CLANG_WARN_OBJC_IMPLICIT_RETAIN_SELF = YES;
				CLANG_WARN_OBJC_LITERAL_CONVERSION = YES;
				CLANG_WARN_OBJC_ROOT_CLASS = YES_ERROR;
				CLANG_WARN_QUOTED_INCLUDE_IN_FRAMEWORK_HEADER = YES;
				CLANG_WARN_RANGE_LOOP_ANALYSIS = YES;
				CLANG_WARN_STRICT_PROTOTYPES = YES;
				CLANG_WARN_SUSPICIOUS_MOVE = YES;
				CLANG_WARN_UNGUARDED_AVAILABILITY = YES_AGGRESSIVE;
				CLANG_WARN_UNREACHABLE_CODE = YES;
				CLANG_WARN__DUPLICATE_METHOD_MATCH = YES;
				COPY_PHASE_STRIP = NO;
				DEBUG_INFORMATION_FORMAT = dwarf;
				ENABLE_STRICT_OBJC_MSGSEND = YES;
				ENABLE_TESTABILITY = YES;
				GCC_C_LANGUAGE_STANDARD = gnu11;
				GCC_DYNAMIC_NO_PIC = NO;
				GCC_NO_COMMON_BLOCKS = YES;
				GCC_OPTIMIZATION_LEVEL = 0;
				GCC_PREPROCESSOR_DEFINITIONS = (
					"DEBUG=1",
					"$(inherited)",
				);
				GCC_WARN_64_TO_32_BIT_CONVERSION = YES;
				GCC_WARN_ABOUT_RETURN_TYPE = YES_ERROR;
				GCC_WARN_UNDECLARED_SELECTOR = YES;
				GCC_WARN_UNINITIALIZED_AUTOS = YES_AGGRESSIVE;
				GCC_WARN_UNUSED_FUNCTION = YES;
				GCC_WARN_UNUSED_VARIABLE = YES;
				INFOPLIST_KEY_UILaunchStoryboardName = LaunchScreen;
				IPHONEOS_DEPLOYMENT_TARGET = 16.4;
				MTL_ENABLE_DEBUG_INFO = INCLUDE_SOURCE;
				MTL_FAST_MATH = YES;
				ONLY_ACTIVE_ARCH = YES;
				SDKROOT = iphoneos;
				SWIFT_ACTIVE_COMPILATION_CONDITIONS = DEBUG;
				SWIFT_OPTIMIZATION_LEVEL = "-Onone";
			};
			name = Debug;
		};
		44F676E92A06745F00C4CFD4 /* Release */ = {
			isa = XCBuildConfiguration;
			buildSettings = {
				ALWAYS_SEARCH_USER_PATHS = NO;
				CLANG_ANALYZER_NONNULL = YES;
				CLANG_ANALYZER_NUMBER_OBJECT_CONVERSION = YES_AGGRESSIVE;
				CLANG_CXX_LANGUAGE_STANDARD = "gnu++20";
				CLANG_ENABLE_MODULES = YES;
				CLANG_ENABLE_OBJC_ARC = YES;
				CLANG_ENABLE_OBJC_WEAK = YES;
				CLANG_WARN_BLOCK_CAPTURE_AUTORELEASING = YES;
				CLANG_WARN_BOOL_CONVERSION = YES;
				CLANG_WARN_COMMA = YES;
				CLANG_WARN_CONSTANT_CONVERSION = YES;
				CLANG_WARN_DEPRECATED_OBJC_IMPLEMENTATIONS = YES;
				CLANG_WARN_DIRECT_OBJC_ISA_USAGE = YES_ERROR;
				CLANG_WARN_DOCUMENTATION_COMMENTS = YES;
				CLANG_WARN_EMPTY_BODY = YES;
				CLANG_WARN_ENUM_CONVERSION = YES;
				CLANG_WARN_INFINITE_RECURSION = YES;
				CLANG_WARN_INT_CONVERSION = YES;
				CLANG_WARN_NON_LITERAL_NULL_CONVERSION = YES;
				CLANG_WARN_OBJC_IMPLICIT_RETAIN_SELF = YES;
				CLANG_WARN_OBJC_LITERAL_CONVERSION = YES;
				CLANG_WARN_OBJC_ROOT_CLASS = YES_ERROR;
				CLANG_WARN_QUOTED_INCLUDE_IN_FRAMEWORK_HEADER = YES;
				CLANG_WARN_RANGE_LOOP_ANALYSIS = YES;
				CLANG_WARN_STRICT_PROTOTYPES = YES;
				CLANG_WARN_SUSPICIOUS_MOVE = YES;
				CLANG_WARN_UNGUARDED_AVAILABILITY = YES_AGGRESSIVE;
				CLANG_WARN_UNREACHABLE_CODE = YES;
				CLANG_WARN__DUPLICATE_METHOD_MATCH = YES;
				COPY_PHASE_STRIP = NO;
				DEBUG_INFORMATION_FORMAT = "dwarf-with-dsym";
				ENABLE_NS_ASSERTIONS = NO;
				ENABLE_STRICT_OBJC_MSGSEND = YES;
				GCC_C_LANGUAGE_STANDARD = gnu11;
				GCC_NO_COMMON_BLOCKS = YES;
				GCC_WARN_64_TO_32_BIT_CONVERSION = YES;
				GCC_WARN_ABOUT_RETURN_TYPE = YES_ERROR;
				GCC_WARN_UNDECLARED_SELECTOR = YES;
				GCC_WARN_UNINITIALIZED_AUTOS = YES_AGGRESSIVE;
				GCC_WARN_UNUSED_FUNCTION = YES;
				GCC_WARN_UNUSED_VARIABLE = YES;
				INFOPLIST_KEY_UILaunchStoryboardName = LaunchScreen;
				IPHONEOS_DEPLOYMENT_TARGET = 16.4;
				MTL_ENABLE_DEBUG_INFO = NO;
				MTL_FAST_MATH = YES;
				SDKROOT = iphoneos;
				SWIFT_COMPILATION_MODE = wholemodule;
				SWIFT_OPTIMIZATION_LEVEL = "-O";
				VALIDATE_PRODUCT = YES;
			};
			name = Release;
		};
		44F676EB2A06745F00C4CFD4 /* Debug */ = {
			isa = XCBuildConfiguration;
			buildSettings = {
				ASSETCATALOG_COMPILER_APPICON_NAME = AppIcon;
				ASSETCATALOG_COMPILER_GLOBAL_ACCENT_COLOR_NAME = AccentColor;
				CODE_SIGN_STYLE = Automatic;
				CURRENT_PROJECT_VERSION = 1;
				DEVELOPMENT_TEAM = 8PTPJAPGUH;
				GENERATE_INFOPLIST_FILE = YES;
				INFOPLIST_FILE = VKInternship/Info.plist;
				INFOPLIST_KEY_UIApplicationSupportsIndirectInputEvents = YES;
				INFOPLIST_KEY_UILaunchStoryboardName = LaunchScreen;
				INFOPLIST_KEY_UISupportedInterfaceOrientations_iPad = "UIInterfaceOrientationPortrait UIInterfaceOrientationPortraitUpsideDown UIInterfaceOrientationLandscapeLeft UIInterfaceOrientationLandscapeRight";
				INFOPLIST_KEY_UISupportedInterfaceOrientations_iPhone = "UIInterfaceOrientationPortrait UIInterfaceOrientationLandscapeLeft UIInterfaceOrientationLandscapeRight";
				INFOPLIST_KEY_UIUserInterfaceStyle = Dark;
				LD_RUNPATH_SEARCH_PATHS = (
					"$(inherited)",
					"@executable_path/Frameworks",
				);
				MARKETING_VERSION = 1.0;
				PRODUCT_BUNDLE_IDENTIFIER = dolludaa.VKInternship;
				PRODUCT_NAME = "$(TARGET_NAME)";
				SWIFT_EMIT_LOC_STRINGS = YES;
				SWIFT_VERSION = 5.0;
				TARGETED_DEVICE_FAMILY = "1,2";
			};
			name = Debug;
		};
		44F676EC2A06745F00C4CFD4 /* Release */ = {
			isa = XCBuildConfiguration;
			buildSettings = {
				ASSETCATALOG_COMPILER_APPICON_NAME = AppIcon;
				ASSETCATALOG_COMPILER_GLOBAL_ACCENT_COLOR_NAME = AccentColor;
				CODE_SIGN_STYLE = Automatic;
				CURRENT_PROJECT_VERSION = 1;
				DEVELOPMENT_TEAM = 8PTPJAPGUH;
				GENERATE_INFOPLIST_FILE = YES;
				INFOPLIST_FILE = VKInternship/Info.plist;
				INFOPLIST_KEY_UIApplicationSupportsIndirectInputEvents = YES;
				INFOPLIST_KEY_UILaunchStoryboardName = LaunchScreen;
				INFOPLIST_KEY_UISupportedInterfaceOrientations_iPad = "UIInterfaceOrientationPortrait UIInterfaceOrientationPortraitUpsideDown UIInterfaceOrientationLandscapeLeft UIInterfaceOrientationLandscapeRight";
				INFOPLIST_KEY_UISupportedInterfaceOrientations_iPhone = "UIInterfaceOrientationPortrait UIInterfaceOrientationLandscapeLeft UIInterfaceOrientationLandscapeRight";
				INFOPLIST_KEY_UIUserInterfaceStyle = Dark;
				LD_RUNPATH_SEARCH_PATHS = (
					"$(inherited)",
					"@executable_path/Frameworks",
				);
				MARKETING_VERSION = 1.0;
				PRODUCT_BUNDLE_IDENTIFIER = dolludaa.VKInternship;
				PRODUCT_NAME = "$(TARGET_NAME)";
				SWIFT_EMIT_LOC_STRINGS = YES;
				SWIFT_VERSION = 5.0;
				TARGETED_DEVICE_FAMILY = "1,2";
			};
			name = Release;
		};
/* End XCBuildConfiguration section */

/* Begin XCConfigurationList section */
		44F676D12A06745D00C4CFD4 /* Build configuration list for PBXProject "VKInternship" */ = {
			isa = XCConfigurationList;
			buildConfigurations = (
				44F676E82A06745F00C4CFD4 /* Debug */,
				44F676E92A06745F00C4CFD4 /* Release */,
			);
			defaultConfigurationIsVisible = 0;
			defaultConfigurationName = Release;
		};
		44F676EA2A06745F00C4CFD4 /* Build configuration list for PBXNativeTarget "VKInternship" */ = {
			isa = XCConfigurationList;
			buildConfigurations = (
				44F676EB2A06745F00C4CFD4 /* Debug */,
				44F676EC2A06745F00C4CFD4 /* Release */,
			);
			defaultConfigurationIsVisible = 0;
			defaultConfigurationName = Release;
		};
/* End XCConfigurationList section */
	};
	rootObject = 44F676CE2A06745D00C4CFD4 /* Project object */;
}
